{
  "name": "start-react",
  "version": "0.1.0",
  "lockfileVersion": 1,
  "requires": true,
  "dependencies": {
    "jquery": {
      "version": "3.2.1",
      "resolved": "https://registry.npmjs.org/jquery/-/jquery-3.2.1.tgz",
      "integrity": "sha1-XE2d5lKvbNCncBVKYxu6ErAVx4c="
    },
    "metismenu": {
      "version": "2.7.1",
      "resolved": "https://registry.npmjs.org/metismenu/-/metismenu-2.7.1.tgz",
      "integrity": "sha512-Md/E4unE0vlHyQmfYOYwqBa0vRl+5VOJnktDiv80arPKUvn5nxXtQAE+D+2zo70jVnrVAr9YJjOUWP4B5BLPOg=="
    }
  }
}
